
Microsoft Visual Studio Solution File, Format Version 12.00
# Visual Studio 2012
Project("{FAE04EC0-301F-11D3-BF4B-00C04F79EFBC}") = "Gigaspaces.WIS.Client.Example", "Security.Space\Gigaspaces.WIS.Client.Example.csproj", "{FE7B8E7A-C13D-4F8E-A677-70BA855126B6}"
EndProject
Project("{FAE04EC0-301F-11D3-BF4B-00C04F79EFBC}") = "Gigaspaces.WIS.Client", "Gigaspaces.WIS.Client\Gigaspaces.WIS.Client.csproj", "{6DDE4C1D-A772-483C-87AF-BEFD463AE5A8}"
EndProject
Global
	GlobalSection(SolutionConfigurationPlatforms) = preSolution
		Debug|Any CPU = Debug|Any CPU
		Release|Any CPU = Release|Any CPU
	EndGlobalSection
	GlobalSection(ProjectConfigurationPlatforms) = postSolution
		{FE7B8E7A-C13D-4F8E-A677-70BA855126B6}.Debug|Any CPU.ActiveCfg = Debug|Any CPU
		{FE7B8E7A-C13D-4F8E-A677-70BA855126B6}.Debug|Any CPU.Build.0 = Debug|Any CPU
		{FE7B8E7A-C13D-4F8E-A677-70BA855126B6}.Release|Any CPU.ActiveCfg = Release|Any CPU
		{FE7B8E7A-C13D-4F8E-A677-70BA855126B6}.Release|Any CPU.Build.0 = Release|Any CPU
		{6DDE4C1D-A772-483C-87AF-BEFD463AE5A8}.Debug|Any CPU.ActiveCfg = Debug|Any CPU
		{6DDE4C1D-A772-483C-87AF-BEFD463AE5A8}.Debug|Any CPU.Build.0 = Debug|Any CPU
		{6DDE4C1D-A772-483C-87AF-BEFD463AE5A8}.Release|Any CPU.ActiveCfg = Release|Any CPU
		{6DDE4C1D-A772-483C-87AF-BEFD463AE5A8}.Release|Any CPU.Build.0 = Release|Any CPU
	EndGlobalSection
	GlobalSection(SolutionProperties) = preSolution
		HideSolutionNode = FALSE
	EndGlobalSection
EndGlobal
